
Microsoft Visual Studio Solution File, Format Version 12.00
# Visual Studio Version 17
VisualStudioVersion = 17.8.34525.116
MinimumVisualStudioVersion = 10.0.40219.1
Project("{FAE04EC0-301F-11D3-BF4B-00C04F79EFBC}") = "SimpleEdit", "SimpleEdit\SimpleEdit.csproj", "{45F56B3F-A1BF-43C5-89A7-B30494531CCE}"
EndProject
Global
	GlobalSection(SolutionConfigurationPlatforms) = preSolution
		Debug|Any CPU = Debug|Any CPU
		Release|Any CPU = Release|Any CPU
	EndGlobalSection
	GlobalSection(ProjectConfigurationPlatforms) = postSolution
		{45F56B3F-A1BF-43C5-89A7-B30494531CCE}.Debug|Any CPU.ActiveCfg = Debug|Any CPU
		{45F56B3F-A1BF-43C5-89A7-B30494531CCE}.Debug|Any CPU.Build.0 = Debug|Any CPU
		{45F56B3F-A1BF-43C5-89A7-B30494531CCE}.Release|Any CPU.ActiveCfg = Release|Any CPU
		{45F56B3F-A1BF-43C5-89A7-B30494531CCE}.Release|Any CPU.Build.0 = Release|Any CPU
	EndGlobalSection
	GlobalSection(SolutionProperties) = preSolution
		HideSolutionNode = FALSE
	EndGlobalSection
	GlobalSection(ExtensibilityGlobals) = postSolution
		SolutionGuid = {F122AA73-FAD9-478E-A45C-C83E3A03B88D}
	EndGlobalSection
EndGlobal
